
Microsoft Visual Studio Solution File, Format Version 12.00
# Visual Studio Version 17
VisualStudioVersion = 17.11.35303.130
MinimumVisualStudioVersion = 10.0.40219.1
Project("{8BC9CEB8-8B4A-11D0-8D11-00A0C91BC942}") = "Task1", "Task1\Task1.vcxproj", "{6EDFFD7E-8E57-4A95-84E8-1545D17EFEFC}"
EndProject
Project("{8BC9CEB8-8B4A-11D0-8D11-00A0C91BC942}") = "Task2", "Task2\Task2.vcxproj", "{C7D68A67-CE93-4639-85D5-8F5182A044E8}"
EndProject
Project("{8BC9CEB8-8B4A-11D0-8D11-00A0C91BC942}") = "Task3", "Task3\Task3.vcxproj", "{63858D73-7A4A-4D85-AF41-10E00233E6EB}"
EndProject
Project("{8BC9CEB8-8B4A-11D0-8D11-00A0C91BC942}") = "Task4", "Task4\Task4.vcxproj", "{E954A750-53DE-4DE0-978A-705F12D7E5B8}"
EndProject
Project("{8BC9CEB8-8B4A-11D0-8D11-00A0C91BC942}") = "Task5", "Task5\Task5.vcxproj", "{64B68540-B838-4FD7-A014-7330D3542A15}"
EndProject
Project("{8BC9CEB8-8B4A-11D0-8D11-00A0C91BC942}") = "Task6", "Task6\Task6.vcxproj", "{36AEFF23-B697-446B-9FE2-039B278D5A3A}"
EndProject
Project("{8BC9CEB8-8B4A-11D0-8D11-00A0C91BC942}") = "Task7", "Task7\Task7.vcxproj", "{C80341F2-B9AC-43FC-991A-9DA4342469B4}"
EndProject
Project("{8BC9CEB8-8B4A-11D0-8D11-00A0C91BC942}") = "Task8", "Task8\Task8.vcxproj", "{DD9318DE-76AE-48DB-99EE-44A60F2BC47C}"
EndProject
Project("{8BC9CEB8-8B4A-11D0-8D11-00A0C91BC942}") = "Task9", "Task9\Task9.vcxproj", "{C2CA1F7F-BF88-438F-9B57-D117921151C1}"
EndProject
Project("{8BC9CEB8-8B4A-11D0-8D11-00A0C91BC942}") = "Task10", "Task10\Task10.vcxproj", "{61803703-FE94-4575-A410-412365B171CB}"
EndProject
Global
	GlobalSection(SolutionConfigurationPlatforms) = preSolution
		Debug|x64 = Debug|x64
		Debug|x86 = Debug|x86
		Release|x64 = Release|x64
		Release|x86 = Release|x86
	EndGlobalSection
	GlobalSection(ProjectConfigurationPlatforms) = postSolution
		{6EDFFD7E-8E57-4A95-84E8-1545D17EFEFC}.Debug|x64.ActiveCfg = Debug|x64
		{6EDFFD7E-8E57-4A95-84E8-1545D17EFEFC}.Debug|x64.Build.0 = Debug|x64
		{6EDFFD7E-8E57-4A95-84E8-1545D17EFEFC}.Debug|x86.ActiveCfg = Debug|Win32
		{6EDFFD7E-8E57-4A95-84E8-1545D17EFEFC}.Debug|x86.Build.0 = Debug|Win32
		{6EDFFD7E-8E57-4A95-84E8-1545D17EFEFC}.Release|x64.ActiveCfg = Release|x64
		{6EDFFD7E-8E57-4A95-84E8-1545D17EFEFC}.Release|x64.Build.0 = Release|x64
		{6EDFFD7E-8E57-4A95-84E8-1545D17EFEFC}.Release|x86.ActiveCfg = Release|Win32
		{6EDFFD7E-8E57-4A95-84E8-1545D17EFEFC}.Release|x86.Build.0 = Release|Win32
		{C7D68A67-CE93-4639-85D5-8F5182A044E8}.Debug|x64.ActiveCfg = Debug|x64
		{C7D68A67-CE93-4639-85D5-8F5182A044E8}.Debug|x64.Build.0 = Debug|x64
		{C7D68A67-CE93-4639-85D5-8F5182A044E8}.Debug|x86.ActiveCfg = Debug|Win32
		{C7D68A67-CE93-4639-85D5-8F5182A044E8}.Debug|x86.Build.0 = Debug|Win32
		{C7D68A67-CE93-4639-85D5-8F5182A044E8}.Release|x64.ActiveCfg = Release|x64
		{C7D68A67-CE93-4639-85D5-8F5182A044E8}.Release|x64.Build.0 = Release|x64
		{C7D68A67-CE93-4639-85D5-8F5182A044E8}.Release|x86.ActiveCfg = Release|Win32
		{C7D68A67-CE93-4639-85D5-8F5182A044E8}.Release|x86.Build.0 = Release|Win32
		{63858D73-7A4A-4D85-AF41-10E00233E6EB}.Debug|x64.ActiveCfg = Debug|x64
		{63858D73-7A4A-4D85-AF41-10E00233E6EB}.Debug|x64.Build.0 = Debug|x64
		{63858D73-7A4A-4D85-AF41-10E00233E6EB}.Debug|x86.ActiveCfg = Debug|Win32
		{63858D73-7A4A-4D85-AF41-10E00233E6EB}.Debug|x86.Build.0 = Debug|Win32
		{63858D73-7A4A-4D85-AF41-10E00233E6EB}.Release|x64.ActiveCfg = Release|x64
		{63858D73-7A4A-4D85-AF41-10E00233E6EB}.Release|x64.Build.0 = Release|x64
		{63858D73-7A4A-4D85-AF41-10E00233E6EB}.Release|x86.ActiveCfg = Release|Win32
		{63858D73-7A4A-4D85-AF41-10E00233E6EB}.Release|x86.Build.0 = Release|Win32
		{E954A750-53DE-4DE0-978A-705F12D7E5B8}.Debug|x64.ActiveCfg = Debug|x64
		{E954A750-53DE-4DE0-978A-705F12D7E5B8}.Debug|x64.Build.0 = Debug|x64
		{E954A750-53DE-4DE0-978A-705F12D7E5B8}.Debug|x86.ActiveCfg = Debug|Win32
		{E954A750-53DE-4DE0-978A-705F12D7E5B8}.Debug|x86.Build.0 = Debug|Win32
		{E954A750-53DE-4DE0-978A-705F12D7E5B8}.Release|x64.ActiveCfg = Release|x64
		{E954A750-53DE-4DE0-978A-705F12D7E5B8}.Release|x64.Build.0 = Release|x64
		{E954A750-53DE-4DE0-978A-705F12D7E5B8}.Release|x86.ActiveCfg = Release|Win32
		{E954A750-53DE-4DE0-978A-705F12D7E5B8}.Release|x86.Build.0 = Release|Win32
		{64B68540-B838-4FD7-A014-7330D3542A15}.Debug|x64.ActiveCfg = Debug|x64
		{64B68540-B838-4FD7-A014-7330D3542A15}.Debug|x64.Build.0 = Debug|x64
		{64B68540-B838-4FD7-A014-7330D3542A15}.Debug|x86.ActiveCfg = Debug|Win32
		{64B68540-B838-4FD7-A014-7330D3542A15}.Debug|x86.Build.0 = Debug|Win32
		{64B68540-B838-4FD7-A014-7330D3542A15}.Release|x64.ActiveCfg = Release|x64
		{64B68540-B838-4FD7-A014-7330D3542A15}.Release|x64.Build.0 = Release|x64
		{64B68540-B838-4FD7-A014-7330D3542A15}.Release|x86.ActiveCfg = Release|Win32
		{64B68540-B838-4FD7-A014-7330D3542A15}.Release|x86.Build.0 = Release|Win32
		{36AEFF23-B697-446B-9FE2-039B278D5A3A}.Debug|x64.ActiveCfg = Debug|x64
		{36AEFF23-B697-446B-9FE2-039B278D5A3A}.Debug|x64.Build.0 = Debug|x64
		{36AEFF23-B697-446B-9FE2-039B278D5A3A}.Debug|x86.ActiveCfg = Debug|Win32
		{36AEFF23-B697-446B-9FE2-039B278D5A3A}.Debug|x86.Build.0 = Debug|Win32
		{36AEFF23-B697-446B-9FE2-039B278D5A3A}.Release|x64.ActiveCfg = Release|x64
		{36AEFF23-B697-446B-9FE2-039B278D5A3A}.Release|x64.Build.0 = Release|x64
		{36AEFF23-B697-446B-9FE2-039B278D5A3A}.Release|x86.ActiveCfg = Release|Win32
		{36AEFF23-B697-446B-9FE2-039B278D5A3A}.Release|x86.Build.0 = Release|Win32
		{C80341F2-B9AC-43FC-991A-9DA4342469B4}.Debug|x64.ActiveCfg = Debug|x64
		{C80341F2-B9AC-43FC-991A-9DA4342469B4}.Debug|x64.Build.0 = Debug|x64
		{C80341F2-B9AC-43FC-991A-9DA4342469B4}.Debug|x86.ActiveCfg = Debug|Win32
		{C80341F2-B9AC-43FC-991A-9DA4342469B4}.Debug|x86.Build.0 = Debug|Win32
		{C80341F2-B9AC-43FC-991A-9DA4342469B4}.Release|x64.ActiveCfg = Release|x64
		{C80341F2-B9AC-43FC-991A-9DA4342469B4}.Release|x64.Build.0 = Release|x64
		{C80341F2-B9AC-43FC-991A-9DA4342469B4}.Release|x86.ActiveCfg = Release|Win32
		{C80341F2-B9AC-43FC-991A-9DA4342469B4}.Release|x86.Build.0 = Release|Win32
		{DD9318DE-76AE-48DB-99EE-44A60F2BC47C}.Debug|x64.ActiveCfg = Debug|x64
		{DD9318DE-76AE-48DB-99EE-44A60F2BC47C}.Debug|x64.Build.0 = Debug|x64
		{DD9318DE-76AE-48DB-99EE-44A60F2BC47C}.Debug|x86.ActiveCfg = Debug|Win32
		{DD9318DE-76AE-48DB-99EE-44A60F2BC47C}.Debug|x86.Build.0 = Debug|Win32
		{DD9318DE-76AE-48DB-99EE-44A60F2BC47C}.Release|x64.ActiveCfg = Release|x64
		{DD9318DE-76AE-48DB-99EE-44A60F2BC47C}.Release|x64.Build.0 = Release|x64
		{DD9318DE-76AE-48DB-99EE-44A60F2BC47C}.Release|x86.ActiveCfg = Release|Win32
		{DD9318DE-76AE-48DB-99EE-44A60F2BC47C}.Release|x86.Build.0 = Release|Win32
		{C2CA1F7F-BF88-438F-9B57-D117921151C1}.Debug|x64.ActiveCfg = Debug|x64
		{C2CA1F7F-BF88-438F-9B57-D117921151C1}.Debug|x64.Build.0 = Debug|x64
		{C2CA1F7F-BF88-438F-9B57-D117921151C1}.Debug|x86.ActiveCfg = Debug|Win32
		{C2CA1F7F-BF88-438F-9B57-D117921151C1}.Debug|x86.Build.0 = Debug|Win32
		{C2CA1F7F-BF88-438F-9B57-D117921151C1}.Release|x64.ActiveCfg = Release|x64
		{C2CA1F7F-BF88-438F-9B57-D117921151C1}.Release|x64.Build.0 = Release|x64
		{C2CA1F7F-BF88-438F-9B57-D117921151C1}.Release|x86.ActiveCfg = Release|Win32
		{C2CA1F7F-BF88-438F-9B57-D117921151C1}.Release|x86.Build.0 = Release|Win32
		{61803703-FE94-4575-A410-412365B171CB}.Debug|x64.ActiveCfg = Debug|x64
		{61803703-FE94-4575-A410-412365B171CB}.Debug|x64.Build.0 = Debug|x64
		{61803703-FE94-4575-A410-412365B171CB}.Debug|x86.ActiveCfg = Debug|Win32
		{61803703-FE94-4575-A410-412365B171CB}.Debug|x86.Build.0 = Debug|Win32
		{61803703-FE94-4575-A410-412365B171CB}.Release|x64.ActiveCfg = Release|x64
		{61803703-FE94-4575-A410-412365B171CB}.Release|x64.Build.0 = Release|x64
		{61803703-FE94-4575-A410-412365B171CB}.Release|x86.ActiveCfg = Release|Win32
		{61803703-FE94-4575-A410-412365B171CB}.Release|x86.Build.0 = Release|Win32
	EndGlobalSection
	GlobalSection(SolutionProperties) = preSolution
		HideSolutionNode = FALSE
	EndGlobalSection
	GlobalSection(ExtensibilityGlobals) = postSolution
		SolutionGuid = {D6E3B17A-292B-44F2-82CD-FE8CFF3CB8ED}
	EndGlobalSection
EndGlobal
