
Microsoft Visual Studio Solution File, Format Version 12.00
# Visual Studio Version 17
VisualStudioVersion = 17.11.35303.130
MinimumVisualStudioVersion = 10.0.40219.1
Project("{8BC9CEB8-8B4A-11D0-8D11-00A0C91BC942}") = "Task1", "Task1\Task1.vcxproj", "{E370D73F-2D98-4EF9-A249-3C05BCE94981}"
EndProject
Project("{8BC9CEB8-8B4A-11D0-8D11-00A0C91BC942}") = "Task2", "Task2\Task2.vcxproj", "{DF29265C-B260-4AE8-B46D-7084B40D0A0D}"
EndProject
Project("{8BC9CEB8-8B4A-11D0-8D11-00A0C91BC942}") = "Task3", "Task3\Task3.vcxproj", "{867B277C-6DBC-49FD-AA59-F9368CA62003}"
EndProject
Project("{8BC9CEB8-8B4A-11D0-8D11-00A0C91BC942}") = "Task4", "Task4\Task4.vcxproj", "{B7D1D1B3-4D7E-4277-AE99-FF55A00FA2D5}"
EndProject
Project("{8BC9CEB8-8B4A-11D0-8D11-00A0C91BC942}") = "Task5", "Task5\Task5.vcxproj", "{AFDD16CA-E623-4450-8AD2-C0F3512C67AC}"
EndProject
Project("{8BC9CEB8-8B4A-11D0-8D11-00A0C91BC942}") = "Task6", "Task6\Task6.vcxproj", "{E2CAF76F-CC6A-44CF-864C-3D4548B66695}"
EndProject
Project("{8BC9CEB8-8B4A-11D0-8D11-00A0C91BC942}") = "Task7", "Task7\Task7.vcxproj", "{FB16B1EB-D57A-43A3-B34A-6647F7858C81}"
EndProject
Project("{8BC9CEB8-8B4A-11D0-8D11-00A0C91BC942}") = "Task8", "Task8\Task8.vcxproj", "{686E2115-8351-4A84-ABB5-5234E47905A9}"
EndProject
Project("{8BC9CEB8-8B4A-11D0-8D11-00A0C91BC942}") = "Task9", "Task9\Task9.vcxproj", "{EEB70163-5719-49CA-807E-7EE6464B57F8}"
EndProject
Project("{8BC9CEB8-8B4A-11D0-8D11-00A0C91BC942}") = "Task10", "Task10\Task10.vcxproj", "{3E2BC276-5932-433E-BA73-608F09E05ED1}"
EndProject
Global
	GlobalSection(SolutionConfigurationPlatforms) = preSolution
		Debug|x64 = Debug|x64
		Debug|x86 = Debug|x86
		Release|x64 = Release|x64
		Release|x86 = Release|x86
	EndGlobalSection
	GlobalSection(ProjectConfigurationPlatforms) = postSolution
		{E370D73F-2D98-4EF9-A249-3C05BCE94981}.Debug|x64.ActiveCfg = Debug|x64
		{E370D73F-2D98-4EF9-A249-3C05BCE94981}.Debug|x64.Build.0 = Debug|x64
		{E370D73F-2D98-4EF9-A249-3C05BCE94981}.Debug|x86.ActiveCfg = Debug|Win32
		{E370D73F-2D98-4EF9-A249-3C05BCE94981}.Debug|x86.Build.0 = Debug|Win32
		{E370D73F-2D98-4EF9-A249-3C05BCE94981}.Release|x64.ActiveCfg = Release|x64
		{E370D73F-2D98-4EF9-A249-3C05BCE94981}.Release|x64.Build.0 = Release|x64
		{E370D73F-2D98-4EF9-A249-3C05BCE94981}.Release|x86.ActiveCfg = Release|Win32
		{E370D73F-2D98-4EF9-A249-3C05BCE94981}.Release|x86.Build.0 = Release|Win32
		{DF29265C-B260-4AE8-B46D-7084B40D0A0D}.Debug|x64.ActiveCfg = Debug|x64
		{DF29265C-B260-4AE8-B46D-7084B40D0A0D}.Debug|x64.Build.0 = Debug|x64
		{DF29265C-B260-4AE8-B46D-7084B40D0A0D}.Debug|x86.ActiveCfg = Debug|Win32
		{DF29265C-B260-4AE8-B46D-7084B40D0A0D}.Debug|x86.Build.0 = Debug|Win32
		{DF29265C-B260-4AE8-B46D-7084B40D0A0D}.Release|x64.ActiveCfg = Release|x64
		{DF29265C-B260-4AE8-B46D-7084B40D0A0D}.Release|x64.Build.0 = Release|x64
		{DF29265C-B260-4AE8-B46D-7084B40D0A0D}.Release|x86.ActiveCfg = Release|Win32
		{DF29265C-B260-4AE8-B46D-7084B40D0A0D}.Release|x86.Build.0 = Release|Win32
		{867B277C-6DBC-49FD-AA59-F9368CA62003}.Debug|x64.ActiveCfg = Debug|x64
		{867B277C-6DBC-49FD-AA59-F9368CA62003}.Debug|x64.Build.0 = Debug|x64
		{867B277C-6DBC-49FD-AA59-F9368CA62003}.Debug|x86.ActiveCfg = Debug|Win32
		{867B277C-6DBC-49FD-AA59-F9368CA62003}.Debug|x86.Build.0 = Debug|Win32
		{867B277C-6DBC-49FD-AA59-F9368CA62003}.Release|x64.ActiveCfg = Release|x64
		{867B277C-6DBC-49FD-AA59-F9368CA62003}.Release|x64.Build.0 = Release|x64
		{867B277C-6DBC-49FD-AA59-F9368CA62003}.Release|x86.ActiveCfg = Release|Win32
		{867B277C-6DBC-49FD-AA59-F9368CA62003}.Release|x86.Build.0 = Release|Win32
		{B7D1D1B3-4D7E-4277-AE99-FF55A00FA2D5}.Debug|x64.ActiveCfg = Debug|x64
		{B7D1D1B3-4D7E-4277-AE99-FF55A00FA2D5}.Debug|x64.Build.0 = Debug|x64
		{B7D1D1B3-4D7E-4277-AE99-FF55A00FA2D5}.Debug|x86.ActiveCfg = Debug|Win32
		{B7D1D1B3-4D7E-4277-AE99-FF55A00FA2D5}.Debug|x86.Build.0 = Debug|Win32
		{B7D1D1B3-4D7E-4277-AE99-FF55A00FA2D5}.Release|x64.ActiveCfg = Release|x64
		{B7D1D1B3-4D7E-4277-AE99-FF55A00FA2D5}.Release|x64.Build.0 = Release|x64
		{B7D1D1B3-4D7E-4277-AE99-FF55A00FA2D5}.Release|x86.ActiveCfg = Release|Win32
		{B7D1D1B3-4D7E-4277-AE99-FF55A00FA2D5}.Release|x86.Build.0 = Release|Win32
		{AFDD16CA-E623-4450-8AD2-C0F3512C67AC}.Debug|x64.ActiveCfg = Debug|x64
		{AFDD16CA-E623-4450-8AD2-C0F3512C67AC}.Debug|x64.Build.0 = Debug|x64
		{AFDD16CA-E623-4450-8AD2-C0F3512C67AC}.Debug|x86.ActiveCfg = Debug|Win32
		{AFDD16CA-E623-4450-8AD2-C0F3512C67AC}.Debug|x86.Build.0 = Debug|Win32
		{AFDD16CA-E623-4450-8AD2-C0F3512C67AC}.Release|x64.ActiveCfg = Release|x64
		{AFDD16CA-E623-4450-8AD2-C0F3512C67AC}.Release|x64.Build.0 = Release|x64
		{AFDD16CA-E623-4450-8AD2-C0F3512C67AC}.Release|x86.ActiveCfg = Release|Win32
		{AFDD16CA-E623-4450-8AD2-C0F3512C67AC}.Release|x86.Build.0 = Release|Win32
		{E2CAF76F-CC6A-44CF-864C-3D4548B66695}.Debug|x64.ActiveCfg = Debug|x64
		{E2CAF76F-CC6A-44CF-864C-3D4548B66695}.Debug|x64.Build.0 = Debug|x64
		{E2CAF76F-CC6A-44CF-864C-3D4548B66695}.Debug|x86.ActiveCfg = Debug|Win32
		{E2CAF76F-CC6A-44CF-864C-3D4548B66695}.Debug|x86.Build.0 = Debug|Win32
		{E2CAF76F-CC6A-44CF-864C-3D4548B66695}.Release|x64.ActiveCfg = Release|x64
		{E2CAF76F-CC6A-44CF-864C-3D4548B66695}.Release|x64.Build.0 = Release|x64
		{E2CAF76F-CC6A-44CF-864C-3D4548B66695}.Release|x86.ActiveCfg = Release|Win32
		{E2CAF76F-CC6A-44CF-864C-3D4548B66695}.Release|x86.Build.0 = Release|Win32
		{FB16B1EB-D57A-43A3-B34A-6647F7858C81}.Debug|x64.ActiveCfg = Debug|x64
		{FB16B1EB-D57A-43A3-B34A-6647F7858C81}.Debug|x64.Build.0 = Debug|x64
		{FB16B1EB-D57A-43A3-B34A-6647F7858C81}.Debug|x86.ActiveCfg = Debug|Win32
		{FB16B1EB-D57A-43A3-B34A-6647F7858C81}.Debug|x86.Build.0 = Debug|Win32
		{FB16B1EB-D57A-43A3-B34A-6647F7858C81}.Release|x64.ActiveCfg = Release|x64
		{FB16B1EB-D57A-43A3-B34A-6647F7858C81}.Release|x64.Build.0 = Release|x64
		{FB16B1EB-D57A-43A3-B34A-6647F7858C81}.Release|x86.ActiveCfg = Release|Win32
		{FB16B1EB-D57A-43A3-B34A-6647F7858C81}.Release|x86.Build.0 = Release|Win32
		{686E2115-8351-4A84-ABB5-5234E47905A9}.Debug|x64.ActiveCfg = Debug|x64
		{686E2115-8351-4A84-ABB5-5234E47905A9}.Debug|x64.Build.0 = Debug|x64
		{686E2115-8351-4A84-ABB5-5234E47905A9}.Debug|x86.ActiveCfg = Debug|Win32
		{686E2115-8351-4A84-ABB5-5234E47905A9}.Debug|x86.Build.0 = Debug|Win32
		{686E2115-8351-4A84-ABB5-5234E47905A9}.Release|x64.ActiveCfg = Release|x64
		{686E2115-8351-4A84-ABB5-5234E47905A9}.Release|x64.Build.0 = Release|x64
		{686E2115-8351-4A84-ABB5-5234E47905A9}.Release|x86.ActiveCfg = Release|Win32
		{686E2115-8351-4A84-ABB5-5234E47905A9}.Release|x86.Build.0 = Release|Win32
		{EEB70163-5719-49CA-807E-7EE6464B57F8}.Debug|x64.ActiveCfg = Debug|x64
		{EEB70163-5719-49CA-807E-7EE6464B57F8}.Debug|x64.Build.0 = Debug|x64
		{EEB70163-5719-49CA-807E-7EE6464B57F8}.Debug|x86.ActiveCfg = Debug|Win32
		{EEB70163-5719-49CA-807E-7EE6464B57F8}.Debug|x86.Build.0 = Debug|Win32
		{EEB70163-5719-49CA-807E-7EE6464B57F8}.Release|x64.ActiveCfg = Release|x64
		{EEB70163-5719-49CA-807E-7EE6464B57F8}.Release|x64.Build.0 = Release|x64
		{EEB70163-5719-49CA-807E-7EE6464B57F8}.Release|x86.ActiveCfg = Release|Win32
		{EEB70163-5719-49CA-807E-7EE6464B57F8}.Release|x86.Build.0 = Release|Win32
		{3E2BC276-5932-433E-BA73-608F09E05ED1}.Debug|x64.ActiveCfg = Debug|x64
		{3E2BC276-5932-433E-BA73-608F09E05ED1}.Debug|x64.Build.0 = Debug|x64
		{3E2BC276-5932-433E-BA73-608F09E05ED1}.Debug|x86.ActiveCfg = Debug|Win32
		{3E2BC276-5932-433E-BA73-608F09E05ED1}.Debug|x86.Build.0 = Debug|Win32
		{3E2BC276-5932-433E-BA73-608F09E05ED1}.Release|x64.ActiveCfg = Release|x64
		{3E2BC276-5932-433E-BA73-608F09E05ED1}.Release|x64.Build.0 = Release|x64
		{3E2BC276-5932-433E-BA73-608F09E05ED1}.Release|x86.ActiveCfg = Release|Win32
		{3E2BC276-5932-433E-BA73-608F09E05ED1}.Release|x86.Build.0 = Release|Win32
	EndGlobalSection
	GlobalSection(SolutionProperties) = preSolution
		HideSolutionNode = FALSE
	EndGlobalSection
	GlobalSection(ExtensibilityGlobals) = postSolution
		SolutionGuid = {0B1D38BD-6F93-4D6B-BBA3-B345EB4BDFDA}
	EndGlobalSection
EndGlobal
