
Microsoft Visual Studio Solution File, Format Version 12.00
# Visual Studio Version 17
VisualStudioVersion = 17.11.35303.130
MinimumVisualStudioVersion = 10.0.40219.1
Project("{8BC9CEB8-8B4A-11D0-8D11-00A0C91BC942}") = "Task1", "Project1\Project1.vcxproj", "{14C2DA9A-245F-4286-A207-8A03BB057749}"
EndProject
Project("{8BC9CEB8-8B4A-11D0-8D11-00A0C91BC942}") = "Task2", "Task2\Task2.vcxproj", "{D2498CCB-872B-455A-9245-77BF33E8B46F}"
EndProject
Project("{8BC9CEB8-8B4A-11D0-8D11-00A0C91BC942}") = "Task3", "Task3\Task3.vcxproj", "{3D885769-63B7-4485-B6C6-512208EA1803}"
EndProject
Project("{8BC9CEB8-8B4A-11D0-8D11-00A0C91BC942}") = "Task4", "Task4\Task4.vcxproj", "{58C195BC-126D-4426-91F9-ACD94D8B040D}"
EndProject
Project("{8BC9CEB8-8B4A-11D0-8D11-00A0C91BC942}") = "Task5", "Task5\Task5.vcxproj", "{67DB40FB-3561-4141-B89E-E1D2FC4109AF}"
EndProject
Project("{8BC9CEB8-8B4A-11D0-8D11-00A0C91BC942}") = "Task6", "Task6\Task6.vcxproj", "{BF1BC2A2-358D-4BF1-A6F7-896E4C3F2DDB}"
EndProject
Project("{8BC9CEB8-8B4A-11D0-8D11-00A0C91BC942}") = "Task7", "Task7\Task7.vcxproj", "{6668055C-5005-41C6-8A23-0A562748AB0D}"
EndProject
Project("{8BC9CEB8-8B4A-11D0-8D11-00A0C91BC942}") = "Task8", "Task8\Task8.vcxproj", "{DD9DB56E-AE07-4E01-B0E4-E5E959FEC756}"
EndProject
Project("{8BC9CEB8-8B4A-11D0-8D11-00A0C91BC942}") = "Task9", "Task9\Task9.vcxproj", "{073F29E5-7802-4D3B-85F8-52280B8B48E4}"
EndProject
Project("{8BC9CEB8-8B4A-11D0-8D11-00A0C91BC942}") = "Task10", "Task10\Task10.vcxproj", "{DBF1C1E8-20BF-4FDB-8C57-17F51B60A843}"
EndProject
Global
	GlobalSection(SolutionConfigurationPlatforms) = preSolution
		Debug|x64 = Debug|x64
		Debug|x86 = Debug|x86
		Release|x64 = Release|x64
		Release|x86 = Release|x86
	EndGlobalSection
	GlobalSection(ProjectConfigurationPlatforms) = postSolution
		{14C2DA9A-245F-4286-A207-8A03BB057749}.Debug|x64.ActiveCfg = Debug|x64
		{14C2DA9A-245F-4286-A207-8A03BB057749}.Debug|x64.Build.0 = Debug|x64
		{14C2DA9A-245F-4286-A207-8A03BB057749}.Debug|x86.ActiveCfg = Debug|Win32
		{14C2DA9A-245F-4286-A207-8A03BB057749}.Debug|x86.Build.0 = Debug|Win32
		{14C2DA9A-245F-4286-A207-8A03BB057749}.Release|x64.ActiveCfg = Release|x64
		{14C2DA9A-245F-4286-A207-8A03BB057749}.Release|x64.Build.0 = Release|x64
		{14C2DA9A-245F-4286-A207-8A03BB057749}.Release|x86.ActiveCfg = Release|Win32
		{14C2DA9A-245F-4286-A207-8A03BB057749}.Release|x86.Build.0 = Release|Win32
		{D2498CCB-872B-455A-9245-77BF33E8B46F}.Debug|x64.ActiveCfg = Debug|x64
		{D2498CCB-872B-455A-9245-77BF33E8B46F}.Debug|x64.Build.0 = Debug|x64
		{D2498CCB-872B-455A-9245-77BF33E8B46F}.Debug|x86.ActiveCfg = Debug|Win32
		{D2498CCB-872B-455A-9245-77BF33E8B46F}.Debug|x86.Build.0 = Debug|Win32
		{D2498CCB-872B-455A-9245-77BF33E8B46F}.Release|x64.ActiveCfg = Release|x64
		{D2498CCB-872B-455A-9245-77BF33E8B46F}.Release|x64.Build.0 = Release|x64
		{D2498CCB-872B-455A-9245-77BF33E8B46F}.Release|x86.ActiveCfg = Release|Win32
		{D2498CCB-872B-455A-9245-77BF33E8B46F}.Release|x86.Build.0 = Release|Win32
		{3D885769-63B7-4485-B6C6-512208EA1803}.Debug|x64.ActiveCfg = Debug|x64
		{3D885769-63B7-4485-B6C6-512208EA1803}.Debug|x64.Build.0 = Debug|x64
		{3D885769-63B7-4485-B6C6-512208EA1803}.Debug|x86.ActiveCfg = Debug|Win32
		{3D885769-63B7-4485-B6C6-512208EA1803}.Debug|x86.Build.0 = Debug|Win32
		{3D885769-63B7-4485-B6C6-512208EA1803}.Release|x64.ActiveCfg = Release|x64
		{3D885769-63B7-4485-B6C6-512208EA1803}.Release|x64.Build.0 = Release|x64
		{3D885769-63B7-4485-B6C6-512208EA1803}.Release|x86.ActiveCfg = Release|Win32
		{3D885769-63B7-4485-B6C6-512208EA1803}.Release|x86.Build.0 = Release|Win32
		{58C195BC-126D-4426-91F9-ACD94D8B040D}.Debug|x64.ActiveCfg = Debug|x64
		{58C195BC-126D-4426-91F9-ACD94D8B040D}.Debug|x64.Build.0 = Debug|x64
		{58C195BC-126D-4426-91F9-ACD94D8B040D}.Debug|x86.ActiveCfg = Debug|Win32
		{58C195BC-126D-4426-91F9-ACD94D8B040D}.Debug|x86.Build.0 = Debug|Win32
		{58C195BC-126D-4426-91F9-ACD94D8B040D}.Release|x64.ActiveCfg = Release|x64
		{58C195BC-126D-4426-91F9-ACD94D8B040D}.Release|x64.Build.0 = Release|x64
		{58C195BC-126D-4426-91F9-ACD94D8B040D}.Release|x86.ActiveCfg = Release|Win32
		{58C195BC-126D-4426-91F9-ACD94D8B040D}.Release|x86.Build.0 = Release|Win32
		{67DB40FB-3561-4141-B89E-E1D2FC4109AF}.Debug|x64.ActiveCfg = Debug|x64
		{67DB40FB-3561-4141-B89E-E1D2FC4109AF}.Debug|x64.Build.0 = Debug|x64
		{67DB40FB-3561-4141-B89E-E1D2FC4109AF}.Debug|x86.ActiveCfg = Debug|Win32
		{67DB40FB-3561-4141-B89E-E1D2FC4109AF}.Debug|x86.Build.0 = Debug|Win32
		{67DB40FB-3561-4141-B89E-E1D2FC4109AF}.Release|x64.ActiveCfg = Release|x64
		{67DB40FB-3561-4141-B89E-E1D2FC4109AF}.Release|x64.Build.0 = Release|x64
		{67DB40FB-3561-4141-B89E-E1D2FC4109AF}.Release|x86.ActiveCfg = Release|Win32
		{67DB40FB-3561-4141-B89E-E1D2FC4109AF}.Release|x86.Build.0 = Release|Win32
		{BF1BC2A2-358D-4BF1-A6F7-896E4C3F2DDB}.Debug|x64.ActiveCfg = Debug|x64
		{BF1BC2A2-358D-4BF1-A6F7-896E4C3F2DDB}.Debug|x64.Build.0 = Debug|x64
		{BF1BC2A2-358D-4BF1-A6F7-896E4C3F2DDB}.Debug|x86.ActiveCfg = Debug|Win32
		{BF1BC2A2-358D-4BF1-A6F7-896E4C3F2DDB}.Debug|x86.Build.0 = Debug|Win32
		{BF1BC2A2-358D-4BF1-A6F7-896E4C3F2DDB}.Release|x64.ActiveCfg = Release|x64
		{BF1BC2A2-358D-4BF1-A6F7-896E4C3F2DDB}.Release|x64.Build.0 = Release|x64
		{BF1BC2A2-358D-4BF1-A6F7-896E4C3F2DDB}.Release|x86.ActiveCfg = Release|Win32
		{BF1BC2A2-358D-4BF1-A6F7-896E4C3F2DDB}.Release|x86.Build.0 = Release|Win32
		{6668055C-5005-41C6-8A23-0A562748AB0D}.Debug|x64.ActiveCfg = Debug|x64
		{6668055C-5005-41C6-8A23-0A562748AB0D}.Debug|x64.Build.0 = Debug|x64
		{6668055C-5005-41C6-8A23-0A562748AB0D}.Debug|x86.ActiveCfg = Debug|Win32
		{6668055C-5005-41C6-8A23-0A562748AB0D}.Debug|x86.Build.0 = Debug|Win32
		{6668055C-5005-41C6-8A23-0A562748AB0D}.Release|x64.ActiveCfg = Release|x64
		{6668055C-5005-41C6-8A23-0A562748AB0D}.Release|x64.Build.0 = Release|x64
		{6668055C-5005-41C6-8A23-0A562748AB0D}.Release|x86.ActiveCfg = Release|Win32
		{6668055C-5005-41C6-8A23-0A562748AB0D}.Release|x86.Build.0 = Release|Win32
		{DD9DB56E-AE07-4E01-B0E4-E5E959FEC756}.Debug|x64.ActiveCfg = Debug|x64
		{DD9DB56E-AE07-4E01-B0E4-E5E959FEC756}.Debug|x64.Build.0 = Debug|x64
		{DD9DB56E-AE07-4E01-B0E4-E5E959FEC756}.Debug|x86.ActiveCfg = Debug|Win32
		{DD9DB56E-AE07-4E01-B0E4-E5E959FEC756}.Debug|x86.Build.0 = Debug|Win32
		{DD9DB56E-AE07-4E01-B0E4-E5E959FEC756}.Release|x64.ActiveCfg = Release|x64
		{DD9DB56E-AE07-4E01-B0E4-E5E959FEC756}.Release|x64.Build.0 = Release|x64
		{DD9DB56E-AE07-4E01-B0E4-E5E959FEC756}.Release|x86.ActiveCfg = Release|Win32
		{DD9DB56E-AE07-4E01-B0E4-E5E959FEC756}.Release|x86.Build.0 = Release|Win32
		{073F29E5-7802-4D3B-85F8-52280B8B48E4}.Debug|x64.ActiveCfg = Debug|x64
		{073F29E5-7802-4D3B-85F8-52280B8B48E4}.Debug|x64.Build.0 = Debug|x64
		{073F29E5-7802-4D3B-85F8-52280B8B48E4}.Debug|x86.ActiveCfg = Debug|Win32
		{073F29E5-7802-4D3B-85F8-52280B8B48E4}.Debug|x86.Build.0 = Debug|Win32
		{073F29E5-7802-4D3B-85F8-52280B8B48E4}.Release|x64.ActiveCfg = Release|x64
		{073F29E5-7802-4D3B-85F8-52280B8B48E4}.Release|x64.Build.0 = Release|x64
		{073F29E5-7802-4D3B-85F8-52280B8B48E4}.Release|x86.ActiveCfg = Release|Win32
		{073F29E5-7802-4D3B-85F8-52280B8B48E4}.Release|x86.Build.0 = Release|Win32
		{DBF1C1E8-20BF-4FDB-8C57-17F51B60A843}.Debug|x64.ActiveCfg = Debug|x64
		{DBF1C1E8-20BF-4FDB-8C57-17F51B60A843}.Debug|x64.Build.0 = Debug|x64
		{DBF1C1E8-20BF-4FDB-8C57-17F51B60A843}.Debug|x86.ActiveCfg = Debug|Win32
		{DBF1C1E8-20BF-4FDB-8C57-17F51B60A843}.Debug|x86.Build.0 = Debug|Win32
		{DBF1C1E8-20BF-4FDB-8C57-17F51B60A843}.Release|x64.ActiveCfg = Release|x64
		{DBF1C1E8-20BF-4FDB-8C57-17F51B60A843}.Release|x64.Build.0 = Release|x64
		{DBF1C1E8-20BF-4FDB-8C57-17F51B60A843}.Release|x86.ActiveCfg = Release|Win32
		{DBF1C1E8-20BF-4FDB-8C57-17F51B60A843}.Release|x86.Build.0 = Release|Win32
	EndGlobalSection
	GlobalSection(SolutionProperties) = preSolution
		HideSolutionNode = FALSE
	EndGlobalSection
	GlobalSection(ExtensibilityGlobals) = postSolution
		SolutionGuid = {96EDA095-6936-4015-8161-54FEEDE73449}
	EndGlobalSection
EndGlobal
